
Microsoft Visual Studio Solution File, Format Version 12.00
# Visual Studio Version 17
VisualStudioVersion = 17.3.32825.248
MinimumVisualStudioVersion = 10.0.40219.1
Project("{FAE04EC0-301F-11D3-BF4B-00C04F79EFBC}") = "Life", "Life\Life.csproj", "{B96F2FF3-AAFC-486B-A3D4-CF59CE9DD10B}"
EndProject
Global
	GlobalSection(SolutionConfigurationPlatforms) = preSolution
		Debug|Any CPU = Debug|Any CPU
		Release|Any CPU = Release|Any CPU
	EndGlobalSection
	GlobalSection(ProjectConfigurationPlatforms) = postSolution
		{B96F2FF3-AAFC-486B-A3D4-CF59CE9DD10B}.Debug|Any CPU.ActiveCfg = Debug|Any CPU
		{B96F2FF3-AAFC-486B-A3D4-CF59CE9DD10B}.Debug|Any CPU.Build.0 = Debug|Any CPU
		{B96F2FF3-AAFC-486B-A3D4-CF59CE9DD10B}.Release|Any CPU.ActiveCfg = Release|Any CPU
		{B96F2FF3-AAFC-486B-A3D4-CF59CE9DD10B}.Release|Any CPU.Build.0 = Release|Any CPU
	EndGlobalSection
	GlobalSection(SolutionProperties) = preSolution
		HideSolutionNode = FALSE
	EndGlobalSection
	GlobalSection(ExtensibilityGlobals) = postSolution
		SolutionGuid = {8362FC71-B3D8-4B08-88B7-B29B5F808308}
	EndGlobalSection
EndGlobal
